
Microsoft Visual Studio Solution File, Format Version 12.00
# Visual Studio Version 16
VisualStudioVersion = 16.0.30011.22
MinimumVisualStudioVersion = 10.0.40219.1
Project("{FAE04EC0-301F-11D3-BF4B-00C04F79EFBC}") = "Blob-v11", "Blob-v11\Blob-v11.csproj", "{8CDAE14D-A9B5-465F-BC11-A2F8ADA16CEA}"
EndProject
Global
	GlobalSection(SolutionConfigurationPlatforms) = preSolution
		Debug|Any CPU = Debug|Any CPU
		Release|Any CPU = Release|Any CPU
	EndGlobalSection
	GlobalSection(ProjectConfigurationPlatforms) = postSolution
		{8CDAE14D-A9B5-465F-BC11-A2F8ADA16CEA}.Debug|Any CPU.ActiveCfg = Debug|Any CPU
		{8CDAE14D-A9B5-465F-BC11-A2F8ADA16CEA}.Debug|Any CPU.Build.0 = Debug|Any CPU
		{8CDAE14D-A9B5-465F-BC11-A2F8ADA16CEA}.Release|Any CPU.ActiveCfg = Release|Any CPU
		{8CDAE14D-A9B5-465F-BC11-A2F8ADA16CEA}.Release|Any CPU.Build.0 = Release|Any CPU
	EndGlobalSection
	GlobalSection(SolutionProperties) = preSolution
		HideSolutionNode = FALSE
	EndGlobalSection
	GlobalSection(ExtensibilityGlobals) = postSolution
		SolutionGuid = {3A214B8E-758E-4130-A33E-E25830B178D5}
	EndGlobalSection
EndGlobal
